
Microsoft Visual Studio Solution File, Format Version 12.00
Project("{FAE04EC0-301F-11D3-BF4B-00C04F79EFBC}") = "CDX", "CDX\CDX.csproj", "{566991CF-9D56-4851-BE21-CD219EEE598C}"
EndProject
Project("{FAE04EC0-301F-11D3-BF4B-00C04F79EFBC}") = "Glfw", "GLFW\GLFW.csproj", "{43C909F3-F292-4AE7-8F9E-FD0DE3B21979}"
EndProject
Project("{FAE04EC0-301F-11D3-BF4B-00C04F79EFBC}") = "Glfw.Demo", "GLFW.Demo\GLFW.Demo.csproj", "{9C7F03D4-1706-4AD9-824E-F2836E87D4AC}"
EndProject
Project("{FAE04EC0-301F-11D3-BF4B-00C04F79EFBC}") = "CDX.GLFW", "CDX.GLFW\CDX.GLFW.csproj", "{9BFA71AD-122F-4D42-9222-E7409CAD4768}"
EndProject
Project("{FAE04EC0-301F-11D3-BF4B-00C04F79EFBC}") = "CDX.GLFW.Demo", "CDX.GLFW.Demo\CDX.GLFW.Demo.csproj", "{DB4F61E1-2BBB-4EFC-A9E8-377AE0A6C1C2}"
EndProject
Project("{2150E333-8FDC-42A3-9474-1A3956D46DE8}") = "Dependencies", "Dependencies", "{D33F08CD-8B8A-4435-ADBA-84EA1C947E1E}"
EndProject
Project("{2150E333-8FDC-42A3-9474-1A3956D46DE8}") = "Demo", "Demo", "{F525D701-C8CD-40E7-951B-E482801905AB}"
EndProject
Global
	GlobalSection(SolutionConfigurationPlatforms) = preSolution
		Debug|Any CPU = Debug|Any CPU
		Release|Any CPU = Release|Any CPU
	EndGlobalSection
	GlobalSection(ProjectConfigurationPlatforms) = postSolution
		{566991CF-9D56-4851-BE21-CD219EEE598C}.Debug|Any CPU.ActiveCfg = Debug|Any CPU
		{566991CF-9D56-4851-BE21-CD219EEE598C}.Debug|Any CPU.Build.0 = Debug|Any CPU
		{566991CF-9D56-4851-BE21-CD219EEE598C}.Release|Any CPU.ActiveCfg = Release|Any CPU
		{566991CF-9D56-4851-BE21-CD219EEE598C}.Release|Any CPU.Build.0 = Release|Any CPU
		{43C909F3-F292-4AE7-8F9E-FD0DE3B21979}.Debug|Any CPU.ActiveCfg = Debug|Any CPU
		{43C909F3-F292-4AE7-8F9E-FD0DE3B21979}.Debug|Any CPU.Build.0 = Debug|Any CPU
		{43C909F3-F292-4AE7-8F9E-FD0DE3B21979}.Release|Any CPU.ActiveCfg = Release|Any CPU
		{43C909F3-F292-4AE7-8F9E-FD0DE3B21979}.Release|Any CPU.Build.0 = Release|Any CPU
		{9C7F03D4-1706-4AD9-824E-F2836E87D4AC}.Debug|Any CPU.ActiveCfg = Debug|Any CPU
		{9C7F03D4-1706-4AD9-824E-F2836E87D4AC}.Debug|Any CPU.Build.0 = Debug|Any CPU
		{9C7F03D4-1706-4AD9-824E-F2836E87D4AC}.Release|Any CPU.ActiveCfg = Release|Any CPU
		{9C7F03D4-1706-4AD9-824E-F2836E87D4AC}.Release|Any CPU.Build.0 = Release|Any CPU
		{9BFA71AD-122F-4D42-9222-E7409CAD4768}.Debug|Any CPU.ActiveCfg = Debug|Any CPU
		{9BFA71AD-122F-4D42-9222-E7409CAD4768}.Debug|Any CPU.Build.0 = Debug|Any CPU
		{9BFA71AD-122F-4D42-9222-E7409CAD4768}.Release|Any CPU.ActiveCfg = Release|Any CPU
		{9BFA71AD-122F-4D42-9222-E7409CAD4768}.Release|Any CPU.Build.0 = Release|Any CPU
		{DB4F61E1-2BBB-4EFC-A9E8-377AE0A6C1C2}.Debug|Any CPU.ActiveCfg = Debug|Any CPU
		{DB4F61E1-2BBB-4EFC-A9E8-377AE0A6C1C2}.Debug|Any CPU.Build.0 = Debug|Any CPU
		{DB4F61E1-2BBB-4EFC-A9E8-377AE0A6C1C2}.Release|Any CPU.ActiveCfg = Release|Any CPU
		{DB4F61E1-2BBB-4EFC-A9E8-377AE0A6C1C2}.Release|Any CPU.Build.0 = Release|Any CPU
	EndGlobalSection
	GlobalSection(NestedProjects) = preSolution
		{43C909F3-F292-4AE7-8F9E-FD0DE3B21979} = {D33F08CD-8B8A-4435-ADBA-84EA1C947E1E}
		{9C7F03D4-1706-4AD9-824E-F2836E87D4AC} = {D33F08CD-8B8A-4435-ADBA-84EA1C947E1E}
		{DB4F61E1-2BBB-4EFC-A9E8-377AE0A6C1C2} = {F525D701-C8CD-40E7-951B-E482801905AB}
	EndGlobalSection
EndGlobal
